github.com/beorn7/perks v0.0.0-20160229213445-3ac7bf7a47d1 h1:OnJHjoVbY69GG4gclp0ngXfywigLhR6rrgUxmxQRWO4=
github.com/beorn7/perks v0.0.0-20160229213445-3ac7bf7a47d1/go.mod h1:Dwedo/Wpr24TaqPxmxbtue+5NUziq4I4S80YR8gNf3Q=
github.com/frankban/quicktest v1.0.0 h1:QgmxFbprE29UG4oL88tGiiL/7VuiBl5xCcz+wJcJhc0=
github.com/frankban/quicktest v1.0.0/go.mod h1:R98jIehRai+d1/3Hv2//jOVCTJhW1VBavT6B6CuGq2k=
github.com/golang/protobuf v0.0.0-20161109072736-4bd1920723d7 h1:VoRHccBV7zFWlO/I85D1ke/x5Ak9Y7gKm9gkf7LHNhI=
github.com/golang/protobuf v0.0.0-20161109072736-4bd1920723d7/go.mod h1:6lQm79b+lXiMfvg/cZm0SGofjICqVBUtrP5yJMmIC1U=
github.com/google/go-cmp v0.2.0 h1:+dTQ8DZQJz0Mb/HjFlkptS1FeQ4cWSnN941F8aEG4SQ=
github.com/google/go-cmp v0.2.0/go.mod h1:oXzfMopK8JAjlY9xF4vHSVASa0yLyX7SntLO5aqRK0M=
github.com/gorilla/websocket v1.2.1-0.20180420171612-21ab95fa12b9 h1:DOS1YSrw3nAQmO6qj+xTLj6htFAijH/7mCHm6JvRRdI=
github.com/gorilla/websocket v1.2.1-0.20180420171612-21ab95fa12b9/go.mod h1:E7qHFY5m1UJ88s3WnNqhKjPHQ0heANvMoAMk2YaljkQ=
github.com/juju/ansiterm v0.0.0-20160907234532-b99631de12cf h1:1Bxg7u1ZVppXGJxN76APTgBEdHkR/PSbpeY4I8cWeEA=
github.com/juju/ansiterm v0.0.0-20160907234532-b99631de12cf/go.mod h1:UJSiEoRfvx3hP73CvoARgeLjaIOjybY9vj8PUPPFGeU=
github.com/juju/cmd v0.0.0-20171107070456-e74f39857ca0 h1:kMNSBOBQHgDocCDaItn5Gw/nR6P1RwqB/QyLtINvAMY=
github.com/juju/cmd v0.0.0-20171107070456-e74f39857ca0/go.mod h1:yWJQHl73rdSX4DHVKGqkAip+huBslxRwS8m9CrOLq18=
github.com/juju/errors v0.0.0-20150916125642-1b5e39b83d18 h1:Sem5Flzxj8ZdAgY2wfHBUlOYyP4wrpIfM8IZgANNGh8=
github.com/juju/errors v0.0.0-20150916125642-1b5e39b83d18/go.mod h1:W54LbzXuIE0boCoNJfwqpmkKJ1O4TCTZMetAt6jGk7Q=
github.com/juju/gnuflag v0.0.0-20171113085948-2ce1bb71843d h1:c93kUJDtVAXFEhsCh5jSxyOJmFHuzcihnslQiX8Urwo=
github.com/juju/gnuflag v0.0.0-20171113085948-2ce1bb71843d/go.mod h1:2PavIy+JPciBPrBUjwbNvtwB6RQlve+hkpll6QSNmOE=
github.com/juju/go4 v0.0.0-20160222163258-40d72ab9641a h1:45JtCyuNYE+QN9aPuR1ID9++BQU+NMTMudHSuaK0Las=
github.com/juju/go4 v0.0.0-20160222163258-40d72ab9641a/go.mod h1:RVHtZuvrpETIepiNUrNlih2OynoFf1eM6DGC6dloXzk=
github.com/juju/gojsonpointer v0.0.0-20150204194629-afe8b77aa08f h1:QzpKmMsaP06HVZnYNlcy1CLIXPytsj2NuzfCHitxuus=
github.com/juju/gojsonpointer v0.0.0-20150204194629-afe8b77aa08f/go.mod h1:IsZAJBSicjtWD22i4pWwfl0xgijIeBEOIJYwgM9bpqw=
github.com/juju/gojsonreference v0.0.0-20150204194633-f0d24ac5ee33 h1:huRsqE0iXmVPTML75YvFBOiaNj4ZiCZgKVnkRQ06d3w=
github.com/juju/gojsonreference v0.0.0-20150204194633-f0d24ac5ee33/go.mod h1:UxUZdlQkjnbl3YoCZT1y5uxmvG2KMwqgffBFccD7qHI=
github.com/juju/gojsonschema v0.0.0-20150312170016-e1ad140384f2 h1:VqIDC6dRE0C7wEtTdT6zx2zP5omaoJiZXp2g/dBHRcE=
github.com/juju/gojsonschema v0.0.0-20150312170016-e1ad140384f2/go.mod h1:w3BDUH3gGgrcrAyvEbBy3lNb1vmdqG31UMn3njL8oGc=
github.com/juju/httpprof v0.0.0-20141217160036-14bf14c30767 h1:COsaGcfAONDdIDnGS8yFdxOyReP7zKQEr7jFzCHKDkM=
github.com/juju/httpprof v0.0.0-20141217160036-14bf14c30767/go.mod h1:+MaLYz4PumRkkyHYeXJ2G5g5cIW0sli2bOfpmbaMV/g=
github.com/juju/httprequest v0.0.0-20161006150909-266fd1e9debf h1:+qtbaX4Z0htlSnO91dEAOa4BGBVv6ZhbLS+4dy+ZuDQ=
github.com/juju/httprequest v0.0.0-20161006150909-266fd1e9debf/go.mod h1:ogcnuLPnijli/VAQT3/CU+2EdSTVsGRfpWTV/VY457I=
github.com/juju/idmclient v0.0.0-20170209162749-4dc25171f675 h1:ej3bli2efIZ95atM11oGxyKzpm5hK74PBi/9xgXqRJc=
github.com/juju/idmclient v0.0.0-20170209162749-4dc25171f675/go.mod h1:SunI8KQv7kOPexz10/wL/9OM2btemSzsHcjBuceZ6xY=
github.com/juju/juju v0.0.0-20180423050211-ac28813fcd59 h1:WYmACTmODHHhH0fSHaOQBdK9c6D+NnztO2gFWGdxidU=
github.com/juju/juju v0.0.0-20180423050211-ac28813fcd59/go.mod h1:NEUvYUxOAm46eq0lY9f2nkGaLHgnw99lHIsTthsiOgo=
github.com/juju/loggo v0.0.0-20170605014607-8232ab8918d9 h1:Y+lzErDTURqeXqlqYi4YBYbDd7ycU74gW1ADt57/bgY=
github.com/juju/loggo v0.0.0-20170605014607-8232ab8918d9/go.mod h1:vgyd7OREkbtVEN/8IXZe5Ooef3LQePvuBm9UWj6ZL8U=
github.com/juju/mutex v0.0.0-20171110020013-1fe2a4bf0a3a h1:fFpWkIPzpzxd3CC+qfU5adsawpG371Ie4TmRkhxwyNU=
github.com/juju/mutex v0.0.0-20171110020013-1fe2a4bf0a3a/go.mod h1:Y3oOzHH8CQ0Ppt0oCKJ2JFO81/EsWenH5AEqigLH+yY=
github.com/juju/names v0.0.0-20160330150533-8a0aa0963bba h1:a4/2xQWIpBHUWE3q8M6T7lt7EEPejb3cFjm4hdp+IdY=
github.com/juju/names v0.0.0-20160330150533-8a0aa0963bba/go.mod h1:TsJFq2EFrT7gNhdECy4H2dRN7rcDlMwfOkdIQdXrhYc=
github.com/juju/persistent-cookiejar v0.0.0-20171026135701-d5e5a8405ef9 h1:5g7E7WtWRslad/0fq68VHgHhFRvTWo30VDaEJ5KEvEc=
github.com/juju/persistent-cookiejar v0.0.0-20171026135701-d5e5a8405ef9/go.mod h1:zrbmo4nBKaiP/Ez3F67ewkMbzGYfXyMvRtbOfuAwG0w=
github.com/juju/replicaset v0.0.0-20170913040223-0072546a972e h1:rszwoYhW4Gntpo8p2kqnQDcksVevni6tFaBPKHS7jNc=
github.com/juju/replicaset v0.0.0-20170913040223-0072546a972e/go.mod h1:Y7RITufWVtIsb4ZPBbJ8zmgLlxbiNwYdEVLL2o1ekDE=
github.com/juju/rfc v0.0.0-20160711024213-ebdbbdb950cd h1:9bkllLxfKAds3ZE8meY89sVzBkNf6EYHUHz69NAPGiE=
github.com/juju/rfc v0.0.0-20160711024213-ebdbbdb950cd/go.mod h1:HnPtAU9HZgqsxiVe3ZqD8WLhdumrUtuY724rynh0gZE=
github.com/juju/schema v0.0.0-20160420044203-075de04f9b7d h1:JYANSZLNBXFgnNfGDOUAV+atWFDmOqJ1WPNmyS+YCCw=
github.com/juju/schema v0.0.0-20160420044203-075de04f9b7d/go.mod h1:7dL+43wADDfx5rD9ibr5H9Dgr4iOM3uHOa1i4IVLak8=
github.com/juju/usso v0.0.0-20160401104424-68a59c96c178 h1:+Hw/cvdgko8DzBM+qI+HsEphk08NyNM0ONPFDg5cGis=
github.com/juju/usso v0.0.0-20160401104424-68a59c96c178/go.mod h1:sHjHrlB/5phHrKswH7VZpKFJhg4RcqsFDR27U3GKViI=
github.com/juju/utils v0.0.0-20171025163856-9b65c33e54c7 h1:dSkmFSpv4nw663k/yN+lEIW42+BmbG+Ewy8oYBCRwa0=
github.com/juju/utils v0.0.0-20171025163856-9b65c33e54c7/go.mod h1:6/KLg8Wz/y2KVGWEpkK9vMNGkOnu4k/cqs8Z1fKjTOk=
github.com/juju/version v0.0.0-20161031051906-1f41e27e54f2 h1:loQDi5MyxxNm7Q42mBGuPD6X+F6zw8j5S9yexLgn/BE=
github.com/juju/version v0.0.0-20161031051906-1f41e27e54f2/go.mod h1:kE8gK5X0CImdr7qpSKl3xB2PmpySSmfj7zVbkZFs81U=
github.com/juju/webbrowser v0.0.0-20160309143629-54b8c57083b4 h1:go1FDIXkFL8AUWgJ7B68rtFWCidyrMfZH9x3xwFK74s=
github.com/juju/webbrowser v0.0.0-20160309143629-54b8c57083b4/go.mod h1:G6PCelgkM6cuvyD10iYJsjLBsSadVXtJ+nBxFAxE2BU=
github.com/julienschmidt/httprouter v1.1.1-0.20151013225520-77a895ad01eb h1:Ano5YqfI4cpXMCS5aOGv92G7Mvb8nMj+t4BGMXvOvgQ=
github.com/julienschmidt/httprouter v1.1.1-0.20151013225520-77a895ad01eb/go.mod h1:SYymIcj16QtmaHHD7aYtjjsJG7VTCxuUUipMqKk8s4w=
github.com/kr/pretty v0.1.0 h1:L/CwN0zerZDmRFUapSPitk6f+Q3+0za1rQkzVuMiMFI=
github.com/kr/pretty v0.1.0/go.mod h1:dAy3ld7l9f0ibDNOQOHHMYYIIbhfbHSm3C4ZsoJORNo=
github.com/kr/pty v1.1.1/go.mod h1:pFQYn66WHrOpPYNljwOMqo10TkYh1fy3cYio2l3bCsQ=
github.com/kr/text v0.1.0 h1:45sCR5RtlFHMR4UwH9sdQ5TC8v0qDQCHnXt+kaKSTVE=
github.com/kr/text v0.1.0/go.mod h1:4Jbv+DJW3UT/LiOwJeYQe1efqtUx/iVham/4vfdArNI=
github.com/lunixbochs/vtclean v0.0.0-20160125035106-4fbf7632a2c6 h1:yjdywwaxd8vTEXuA4EdgUBkiCQEQG7YAY3k9S1PaZKg=
github.com/lunixbochs/vtclean v0.0.0-20160125035106-4fbf7632a2c6/go.mod h1:pHhQNgMf3btfWnGBVipUOjRYhoOsdGqdm/+2c2E2WMI=
github.com/lxc/lxd v0.0.0-20180330040627-e641ae45dc13 h1:1y+5c2gFHzuq1ZgAdALHJPDfd2AsmaoRvc3o96YrLyY=
github.com/lxc/lxd v0.0.0-20180330040627-e641ae45dc13/go.mod h1:2BaZflfwsv8a3uy3/Vw+de4Avn4DSrAiqaHJjCIXMV4=
github.com/mattn/go-colorable v0.0.6 h1:jGqlOoCjqVR4hfTO9H1qrR2xi0xZNYmX2T1xlw7P79c=
github.com/mattn/go-colorable v0.0.6/go.mod h1:9vuHe8Xs5qXnSaW/c/ABM9alt+Vo+STaOChaDxuIBZU=
github.com/mattn/go-isatty v0.0.0-20160806122752-66b8e73f3f5c h1:3nKFouDdpgGUV/uerJcYWH45ZbJzX0SiVWfTgmUeTzc=
github.com/mattn/go-isatty v0.0.0-20160806122752-66b8e73f3f5c/go.mod h1:M+lRXTBqGeGNdLjl/ufCoiOlB5xdOkqRJdNxMWT7Zi4=
github.com/matttproud/golang_protobuf_extensions v1.0.1 h1:4hp9jkHxhMHkqkrB3Ix0jegS5sx/RkqARlsWZ6pIwiU=
github.com/matttproud/golang_protobuf_extensions v1.0.1/go.mod h1:D8He9yQNgCq6Z5Ld7szi9bcBfOoFv/3dc6xSMkL2PC0=
github.com/pkg/errors v0.8.1-0.20161002052512-839d9e913e06 h1:swlfMC08lNw0gC4UR7Xz9id7JZ3K+I1oEehKgRL399U=
github.com/pkg/errors v0.8.1-0.20161002052512-839d9e913e06/go.mod h1:bwawxfHBFNV+L2hUp1rHADufV3IMtnDRdf1r5NINEl0=
github.com/prometheus/client_golang v0.9.0-pre1.0.20180416233856-82f5ff156b29 h1:NWk5kfSrcwyaUbo3Ee6EECK/fXsY1sJt0U6kYnFNYmc=
github.com/prometheus/client_golang v0.9.0-pre1.0.20180416233856-82f5ff156b29/go.mod h1:7SWBe2y4D6OKWSNQJUaRYU/AaXPKyh/dDVn+NZz0KFw=
github.com/prometheus/client_model v0.0.0-20150212101744-fa8ad6fec335 h1:0E/5GnGmzoDCtmzTycjGDWW33H0UBmAhR0h+FC8hWLs=
github.com/prometheus/client_model v0.0.0-20150212101744-fa8ad6fec335/go.mod h1:MbSGuTsp3dbXC40dX6PRTWyKYBIrTGTE9sqQNg2J8bo=
github.com/prometheus/common v0.0.0-20160503220532-dd586c1c5abb h1:4nodWtieL+B8///SoWfGVctTGFgMsLRY5ilTNM86Vr8=
github.com/prometheus/common v0.0.0-20160503220532-dd586c1c5abb/go.mod h1:daVV7qP5qjZbuso7PdcryaAu0sAZbrN9i7WWcTMWvro=
github.com/prometheus/procfs v0.0.0-20160411190841-abf152e5f3e9 h1:ex32PG6WhE5zviWS08vcXTwX2IkaH9zpeYZZvrmj3/U=
github.com/prometheus/procfs v0.0.0-20160411190841-abf152e5f3e9/go.mod h1:c3At6R/oaqEKCNdg8wHV1ftS6bRYblBhIjjI8uT2IGk=
github.com/rogpeppe/fastuuid v0.0.0-20150106093220-6724a57986af h1:gu+uRPtBe88sKxUCEXRoeCvVG90TJmwhiqRpvdhQFng=
github.com/rogpeppe/fastuuid v0.0.0-20150106093220-6724a57986af/go.mod h1:XWv6SoW27p1b0cqNHllgS5HIMJraePCO15w5zCzIWYg=
go.uber.org/atomic v1.3.0 h1:vs7fgriifsPbGdK3bNuMWapNn3qnZhCRXc19NRdq010=
go.uber.org/atomic v1.3.0/go.mod h1:gD2HeocX3+yG+ygLZcrzQJaqmWj9AIm7n08wl/qW/PE=
go.uber.org/multierr v1.1.1-0.20170829224307-fb7d312c2c04 h1:8sYuFs2lovgFwQi15/wIkCkGX9sL8RouzbWUmBjTcXk=
go.uber.org/multierr v1.1.1-0.20170829224307-fb7d312c2c04/go.mod h1:wR5kodmAFQ0UK8QlbwjlSNy0Z68gJhDJUG5sjR94q/0=
go.uber.org/zap v1.7.0 h1:a/j0E3H61zEkGCIRXd5Ympunuf8BoNDpro1w04oAT1w=
go.uber.org/zap v1.7.0/go.mod h1:vwi/ZaCAaUcBkycHslxD9B2zi4UTXhF60s6SWpuDF0Q=
golang.org/x/crypto v0.0.0-20180723164146-c126467f60eb h1:Ah9YqXLj6fEgeKqcmBuLCbAsrF3ScD7dJ/bYM0C6tXI=
golang.org/x/crypto v0.0.0-20180723164146-c126467f60eb/go.mod h1:6SG95UA2DQfeDnfUPMdvaQW0Q7yPrPDi9nlGo2tz2b4=
golang.org/x/net v0.0.0-20161013035702-8b4af36cd21a h1:YEFEcqrj8fWeC0px2Ha5IrK20xodii3wn+N+jzuFRKQ=
golang.org/x/net v0.0.0-20161013035702-8b4af36cd21a/go.mod h1:mL1N/T3taQHkDXs73rZJwtUhF3w3ftmwwsq0BUmARs4=
golang.org/x/sync v0.0.0-20170517211232-f52d1811a629 h1:wqoYUzeICxRnvJCvfHTh0OY0VQ6xern7nYq+ccc19e4=
golang.org/x/sync v0.0.0-20170517211232-f52d1811a629/go.mod h1:RxMgew5VJxzue5/jJTE5uejpjVlOe/izrB70Jof72aM=
golang.org/x/sys v0.0.0-20180501092740-78d5f264b493 h1:IdoM71H+6PmWKfe808vA3uKntXqEtc9yMa7A8TxcVVg=
golang.org/x/sys v0.0.0-20180501092740-78d5f264b493/go.mod h1:STP8DvDyc/dI5b8T5hshtkjS+E42TnysNCUPdjciGhY=
gopkg.in/check.v1 v0.0.0-20161208181325-20d25e280405/go.mod h1:Co6ibVJAznAaIkqp8huTwlJQCZ016jof/cbN4VW5Yz0=
gopkg.in/errgo.v1 v1.0.0-20161222125816-442357a80af5 h1:C61FEf19ZFrkIbSSCWRHvzrtgrcRh/kiH4HZ5VIIqe8=
gopkg.in/errgo.v1 v1.0.0-20161222125816-442357a80af5/go.mod h1:u0ALmqvLRxLI95fkdCEWrE6mhWYZW1aMOJHp5YXLHTg=
gopkg.in/httprequest.v1 v1.1.1 h1:dgGhb+TJN/mB/njcl4w/qljft78Pe4GwpTz6FZD3aqQ=
gopkg.in/httprequest.v1 v1.1.1/go.mod h1:/CkavNL+g3qLOrpFHVrEx4NKepeqR4XTZWNj4sGGjz0=
gopkg.in/juju/charm.v6 v6.0.0-20171114084658-d93cf8b75cf4 h1:bUvJj2QdCg2DvdnX3dmwUr8wtlS2MB2Ib8fxfKvdnSM=
gopkg.in/juju/charm.v6 v6.0.0-20171114084658-d93cf8b75cf4/go.mod h1:281mnuYcs2K9RJNBwP33vlsqQvd2sWs/052ypKpAs2c=
gopkg.in/juju/charmrepo.v2 v2.0.0-20171114184045-653bbd81990d h1:nSlCj3KtDJk6yZiAT3s87r/1m2yRLI198Pe9zK67ugk=
gopkg.in/juju/charmrepo.v2 v2.0.0-20171114184045-653bbd81990d/go.mod h1:tflOIw4NXRYA9UvtBR+3EnSE01798Jt7lN/o9OMYJjU=
gopkg.in/juju/environschema.v1 v1.0.0-20151104115810-7359fc7857ab h1:kygRC4uJrga6LigPehhgIF5yzml4GIv0Na2GeUHALQk=
gopkg.in/juju/environschema.v1 v1.0.0-20151104115810-7359fc7857ab/go.mod h1:Kq3Lf4sWr8hWSgxmDKY2Esv2Ab6zTgNk6uWyL9xC8ks=
gopkg.in/juju/names.v2 v2.0.0-20171113112047-54f00845ae47 h1:w2Yt8TmMuXAoC+J6ZkSJxSVoGtMl3+0HCc0xLveuFBY=
gopkg.in/juju/names.v2 v2.0.0-20171113112047-54f00845ae47/go.mod h1:XXa/v5qG1IsStRg5KTE8JkDMndoDMOKH1YYw0jSUWaM=
gopkg.in/juju/worker.v1 v1.0.0-20170308002458-6965b9d82671 h1:qzNcnTcLIaXGmtKAjyiXEQQFYFRLvH6yuU7Lw8YJPr8=
gopkg.in/juju/worker.v1 v1.0.0-20170308002458-6965b9d82671/go.mod h1:qrHtdkZtlLoAWF0wb7YwrREeiitm5EzizN0MmIbAFxA=
gopkg.in/macaroon-bakery.v1 v1.0.0-20160622121421-469b44e6f1f9 h1:1EP7+SLm41ba/c6sAtoIoYBlPYVMv/BGRVmdxoclTp8=
gopkg.in/macaroon-bakery.v1 v1.0.0-20160622121421-469b44e6f1f9/go.mod h1:CKGLDMOxZs6LUPFUxngkhmeGUUiaWZXwYv/I0X5mBgM=
gopkg.in/macaroon-bakery.v2 v2.0.1 h1:0N1TlEdfLP4HXNCg7MQUMp5XwvOoxk+oe9Owr2cpvsc=
gopkg.in/macaroon-bakery.v2 v2.0.1/go.mod h1:B4/T17l+ZWGwxFSZQmlBwp25x+og7OkhETfr3S9MbIA=
gopkg.in/macaroon.v1 v1.0.0-20150121114231-ab3940c6c165 h1:85xqOSyTpSzplW7fyO9bOZpSsemJc9UKzEQR2L4k32k=
gopkg.in/macaroon.v1 v1.0.0-20150121114231-ab3940c6c165/go.mod h1:PABpHZvxAbIuSYTPWJdQsNu0mtx+HX/1NIm3IT95IX0=
gopkg.in/macaroon.v2 v2.0.0 h1:LVWycAfeJBUjCIqfR9gqlo7I8vmiXRr51YEOZ1suop8=
gopkg.in/macaroon.v2 v2.0.0/go.mod h1:+I6LnTMkm/uV5ew/0nsulNjL16SK4+C8yDmRUzHR17I=
gopkg.in/mgo.v2 v2.0.0-20160818015218-f2b6f6c918c4 h1:hILp2hNrRnYjZpmIbx70psAHbBSEcQ1NIzDcUbJ1b6g=
gopkg.in/mgo.v2 v2.0.0-20160818015218-f2b6f6c918c4/go.mod h1:yeKp02qBN3iKW1OzL3MGk2IdtZzaj7SFntXj72NppTA=
gopkg.in/retry.v1 v1.0.0-20170531091238-01631078ef2f h1:/GkWVJktDQZvJYCJbCqBBw+Pm7hB7PNL0K5/nJRKSak=
gopkg.in/retry.v1 v1.0.0-20170531091238-01631078ef2f/go.mod h1:vVowKz5q49oxHG8AyXjsr6MGDyX2pQRrhjrsAou+stU=
gopkg.in/tomb.v1 v1.0.0-20141024135613-dd632973f1e7 h1:uRGJdciOHaEIrze2W8Q3AKkepLTh2hOroT7a+7czfdQ=
gopkg.in/tomb.v1 v1.0.0-20141024135613-dd632973f1e7/go.mod h1:dt/ZhP58zS4L8KSrWDmTeBkI65Dw0HsyUHuEVlX15mw=
gopkg.in/yaml.v2 v2.2.1 h1:mUhvW9EsL+naU5Q3cakzfE91YhliOondGd6ZrsDBHQE=
gopkg.in/yaml.v2 v2.2.1/go.mod h1:hI93XBmqTisBFMUTm0b8Fm+jr3Dg1NNxqwp+5A1VGuI=
